
Microsoft Visual Studio Solution File, Format Version 12.00
# Visual Studio Version 16
VisualStudioVersion = 16.6.30114.105
MinimumVisualStudioVersion = 10.0.40219.1
Project("{9A19103F-16F7-4668-BE54-9A1E7A4F7556}") = "AzureTableStorage.Extensions", "..\AzureTableStorage.Extensions\AzureTableStorage.Extensions.csproj", "{FE3DC627-5812-4EFB-9CE9-F27FAA1ECA45}"
EndProject
Project("{FAE04EC0-301F-11D3-BF4B-00C04F79EFBC}") = "WebAPI.Test", "WebAPI.Test\WebAPI.Test.csproj", "{82EC52EB-7D52-4AC4-B3E6-691AE0D9C0AB}"
EndProject
Global
	GlobalSection(SolutionConfigurationPlatforms) = preSolution
		Debug|Any CPU = Debug|Any CPU
		Debug|x64 = Debug|x64
		Debug|x86 = Debug|x86
		Release|Any CPU = Release|Any CPU
		Release|x64 = Release|x64
		Release|x86 = Release|x86
	EndGlobalSection
	GlobalSection(ProjectConfigurationPlatforms) = postSolution
		{FE3DC627-5812-4EFB-9CE9-F27FAA1ECA45}.Debug|Any CPU.ActiveCfg = Debug|Any CPU
		{FE3DC627-5812-4EFB-9CE9-F27FAA1ECA45}.Debug|Any CPU.Build.0 = Debug|Any CPU
		{FE3DC627-5812-4EFB-9CE9-F27FAA1ECA45}.Debug|x64.ActiveCfg = Debug|Any CPU
		{FE3DC627-5812-4EFB-9CE9-F27FAA1ECA45}.Debug|x64.Build.0 = Debug|Any CPU
		{FE3DC627-5812-4EFB-9CE9-F27FAA1ECA45}.Debug|x86.ActiveCfg = Debug|Any CPU
		{FE3DC627-5812-4EFB-9CE9-F27FAA1ECA45}.Debug|x86.Build.0 = Debug|Any CPU
		{FE3DC627-5812-4EFB-9CE9-F27FAA1ECA45}.Release|Any CPU.ActiveCfg = Release|Any CPU
		{FE3DC627-5812-4EFB-9CE9-F27FAA1ECA45}.Release|Any CPU.Build.0 = Release|Any CPU
		{FE3DC627-5812-4EFB-9CE9-F27FAA1ECA45}.Release|x64.ActiveCfg = Release|Any CPU
		{FE3DC627-5812-4EFB-9CE9-F27FAA1ECA45}.Release|x64.Build.0 = Release|Any CPU
		{FE3DC627-5812-4EFB-9CE9-F27FAA1ECA45}.Release|x86.ActiveCfg = Release|Any CPU
		{FE3DC627-5812-4EFB-9CE9-F27FAA1ECA45}.Release|x86.Build.0 = Release|Any CPU
		{82EC52EB-7D52-4AC4-B3E6-691AE0D9C0AB}.Debug|Any CPU.ActiveCfg = Debug|Any CPU
		{82EC52EB-7D52-4AC4-B3E6-691AE0D9C0AB}.Debug|Any CPU.Build.0 = Debug|Any CPU
		{82EC52EB-7D52-4AC4-B3E6-691AE0D9C0AB}.Debug|x64.ActiveCfg = Debug|Any CPU
		{82EC52EB-7D52-4AC4-B3E6-691AE0D9C0AB}.Debug|x64.Build.0 = Debug|Any CPU
		{82EC52EB-7D52-4AC4-B3E6-691AE0D9C0AB}.Debug|x86.ActiveCfg = Debug|Any CPU
		{82EC52EB-7D52-4AC4-B3E6-691AE0D9C0AB}.Debug|x86.Build.0 = Debug|Any CPU
		{82EC52EB-7D52-4AC4-B3E6-691AE0D9C0AB}.Release|Any CPU.ActiveCfg = Release|Any CPU
		{82EC52EB-7D52-4AC4-B3E6-691AE0D9C0AB}.Release|Any CPU.Build.0 = Release|Any CPU
		{82EC52EB-7D52-4AC4-B3E6-691AE0D9C0AB}.Release|x64.ActiveCfg = Release|Any CPU
		{82EC52EB-7D52-4AC4-B3E6-691AE0D9C0AB}.Release|x64.Build.0 = Release|Any CPU
		{82EC52EB-7D52-4AC4-B3E6-691AE0D9C0AB}.Release|x86.ActiveCfg = Release|Any CPU
		{82EC52EB-7D52-4AC4-B3E6-691AE0D9C0AB}.Release|x86.Build.0 = Release|Any CPU
	EndGlobalSection
	GlobalSection(SolutionProperties) = preSolution
		HideSolutionNode = FALSE
	EndGlobalSection
	GlobalSection(ExtensibilityGlobals) = postSolution
		SolutionGuid = {8812B873-6FEA-41CD-945E-E0D1987920D1}
	EndGlobalSection
EndGlobal
